PODS:
  - Apptimize (2.8.3)
  - BetterContent (0.1.0):
    - BlocksKit
    - MAZeroingWeakRef
    - SocketRocket
    - UIImage-ResizeMagick
  - BlocksKit (2.2.5):
    - BlocksKit/All
  - BlocksKit/All (2.2.5):
    - BlocksKit/Core
    - BlocksKit/DynamicDelegate
    - BlocksKit/MessageUI
    - BlocksKit/UIKit
  - BlocksKit/Core (2.2.5)
  - BlocksKit/DynamicDelegate (2.2.5)
  - BlocksKit/MessageUI (2.2.5):
    - BlocksKit/Core
    - BlocksKit/DynamicDelegate
  - BlocksKit/UIKit (2.2.5):
    - BlocksKit/Core
    - BlocksKit/DynamicDelegate
  - MAZeroingWeakRef (1.0)
  - SocketRocket (0.3.1-beta2)
  - UIImage-ResizeMagick (0.0.1)

DEPENDENCIES:
  - Apptimize
  - BetterContent (from `../pod`)

EXTERNAL SOURCES:
  BetterContent:
    :path: ../pod

SPEC CHECKSUMS:
  Apptimize: 7f4cfc3d3dfaee5f0d3220ae4fcb6601fd864b07
  BetterContent: e42d0b596c1f7b7552a91dd5e4fc1929f81ba4cd
  BlocksKit: 4439e7f30a9f90743462ca63545a15c1f4304cef
  MAZeroingWeakRef: 1d0ed4002e88a7b924e096f8b21d07fac435a6aa
  SocketRocket: 79a68ae186063c65e1fe6f638b1ae2927aa5f304
  UIImage-ResizeMagick: 6edd4b95aabf4be264bf99147aa27abb319f3c7f

COCOAPODS: 0.33.1
